
Microsoft Visual Studio Solution File, Format Version 12.00
# Visual Studio Version 17
VisualStudioVersion = 17.0.32112.339
MinimumVisualStudioVersion = 10.0.40219.1
Project("{FAE04EC0-301F-11D3-BF4B-00C04F79EFBC}") = "Saraha", "Saraha\Saraha.csproj", "{47782954-BEE5-4F4B-AC2F-0EF6BB59389B}"
EndProject
Global
	GlobalSection(SolutionConfigurationPlatforms) = preSolution
		Debug|Any CPU = Debug|Any CPU
		Release|Any CPU = Release|Any CPU
	EndGlobalSection
	GlobalSection(ProjectConfigurationPlatforms) = postSolution
		{47782954-BEE5-4F4B-AC2F-0EF6BB59389B}.Debug|Any CPU.ActiveCfg = Debug|Any CPU
		{47782954-BEE5-4F4B-AC2F-0EF6BB59389B}.Debug|Any CPU.Build.0 = Debug|Any CPU
		{47782954-BEE5-4F4B-AC2F-0EF6BB59389B}.Release|Any CPU.ActiveCfg = Release|Any CPU
		{47782954-BEE5-4F4B-AC2F-0EF6BB59389B}.Release|Any CPU.Build.0 = Release|Any CPU
	EndGlobalSection
	GlobalSection(SolutionProperties) = preSolution
		HideSolutionNode = FALSE
	EndGlobalSection
	GlobalSection(ExtensibilityGlobals) = postSolution
		SolutionGuid = {FE272937-2395-4773-A5B1-4C8472A6E676}
	EndGlobalSection
EndGlobal
